// !$*UTF8*$!
{
	archiveVersion = 1;
	classes = {
	};
	objectVersion = 50;
	objects = {

/* Begin PBXBuildFile section */
		8191D79127023DC700DD04D8 /* ControlVehicleApp.swift in Sources */ = {isa = PBXBuildFile; fileRef = 8191D79027023DC700DD04D8 /* ControlVehicleApp.swift */; };
		8191D79327023DC700DD04D8 /* MainView.swift in Sources */ = {isa = PBXBuildFile; fileRef = 8191D79227023DC700DD04D8 /* MainView.swift */; };
		8191D79527023DC800DD04D8 /* Assets.xcassets in Resources */ = {isa = PBXBuildFile; fileRef = 8191D79427023DC800DD04D8 /* Assets.xcassets */; };
		8191D79827023DC800DD04D8 /* Preview Assets.xcassets in Resources */ = {isa = PBXBuildFile; fileRef = 8191D79727023DC800DD04D8 /* Preview Assets.xcassets */; };
		8191D7A327023DC800DD04D8 /* ControlVehicleTests.swift in Sources */ = {isa = PBXBuildFile; fileRef = 8191D7A227023DC800DD04D8 /* ControlVehicleTests.swift */; };
		8191D7AE27023DC800DD04D8 /* ControlVehicleUITests.swift in Sources */ = {isa = PBXBuildFile; fileRef = 8191D7AD27023DC800DD04D8 /* ControlVehicleUITests.swift */; };
		8191D7BF27023E3900DD04D8 /* LocationView.swift in Sources */ = {isa = PBXBuildFile; fileRef = 8191D7BE27023E3900DD04D8 /* LocationView.swift */; };
		8191D7C427023E4800DD04D8 /* HomeView.swift in Sources */ = {isa = PBXBuildFile; fileRef = 8191D7C327023E4800DD04D8 /* HomeView.swift */; };
		8191D7CC27023E5300DD04D8 /* VehicleView.swift in Sources */ = {isa = PBXBuildFile; fileRef = 8191D7CB27023E5300DD04D8 /* VehicleView.swift */; };
		8191D7D127023E6500DD04D8 /* SettingsView.swift in Sources */ = {isa = PBXBuildFile; fileRef = 8191D7D027023E6500DD04D8 /* SettingsView.swift */; };
		8191D7E2270302EF00DD04D8 /* Vehicle.swift in Sources */ = {isa = PBXBuildFile; fileRef = 8191D7E1270302EF00DD04D8 /* Vehicle.swift */; };
		8191D7F12703049600DD04D8 /* TopView.swift in Sources */ = {isa = PBXBuildFile; fileRef = 8191D7F02703049600DD04D8 /* TopView.swift */; };
		8191D7F9270304DB00DD04D8 /* CoverView.swift in Sources */ = {isa = PBXBuildFile; fileRef = 8191D7F8270304DB00DD04D8 /* CoverView.swift */; };
		8191D7FE2703064700DD04D8 /* UpdateNotifyView.swift in Sources */ = {isa = PBXBuildFile; fileRef = 8191D7FD2703064700DD04D8 /* UpdateNotifyView.swift */; };
		8191D8032703078E00DD04D8 /* DoorsView.swift in Sources */ = {isa = PBXBuildFile; fileRef = 8191D8022703078E00DD04D8 /* DoorsView.swift */; };
		8191D8082703079900DD04D8 /* EngineView.swift in Sources */ = {isa = PBXBuildFile; fileRef = 8191D8072703079900DD04D8 /* EngineView.swift */; };
		8191D80D2703084500DD04D8 /* CircleImageButton.swift in Sources */ = {isa = PBXBuildFile; fileRef = 8191D80C2703084500DD04D8 /* CircleImageButton.swift */; };
		8191D8152703090300DD04D8 /* CircleTextButton.swift in Sources */ = {isa = PBXBuildFile; fileRef = 8191D8142703090300DD04D8 /* CircleTextButton.swift */; };
		8191D81A27030F6D00DD04D8 /* HomeViewModel.swift in Sources */ = {isa = PBXBuildFile; fileRef = 8191D81927030F6D00DD04D8 /* HomeViewModel.swift */; };
		8191D82F2703561D00DD04D8 /* LoadingView.swift in Sources */ = {isa = PBXBuildFile; fileRef = 8191D82E2703561D00DD04D8 /* LoadingView.swift */; };
/* End PBXBuildFile section */

/* Begin PBXContainerItemProxy section */
		8191D79F27023DC800DD04D8 /* PBXContainerItemProxy */ = {
			isa = PBXContainerItemProxy;
			containerPortal = 8191D78527023DC700DD04D8 /* Project object */;
			proxyType = 1;
			remoteGlobalIDString = 8191D78C27023DC700DD04D8;
			remoteInfo = ControlVehicle;
		};
		8191D7AA27023DC800DD04D8 /* PBXContainerItemProxy */ = {
			isa = PBXContainerItemProxy;
			containerPortal = 8191D78527023DC700DD04D8 /* Project object */;
			proxyType = 1;
			remoteGlobalIDString = 8191D78C27023DC700DD04D8;
			remoteInfo = ControlVehicle;
		};
/* End PBXContainerItemProxy section */

/* Begin PBXFileReference section */
		8191D78D27023DC700DD04D8 /* ControlVehicle.app */ = {isa = PBXFileReference; explicitFileType = wrapper.application; includeInIndex = 0; path = ControlVehicle.app; sourceTree = BUILT_PRODUCTS_DIR; };
		8191D79027023DC700DD04D8 /* ControlVehicleApp.swift */ = {isa = PBXFileReference; lastKnownFileType = sourcecode.swift; path = ControlVehicleApp.swift; sourceTree = "<group>"; };
		8191D79227023DC700DD04D8 /* MainView.swift */ = {isa = PBXFileReference; lastKnownFileType = sourcecode.swift; path = MainView.swift; sourceTree = "<group>"; };
		8191D79427023DC800DD04D8 /* Assets.xcassets */ = {isa = PBXFileReference; lastKnownFileType = folder.assetcatalog; path = Assets.xcassets; sourceTree = "<group>"; };
		8191D79727023DC800DD04D8 /* Preview Assets.xcassets */ = {isa = PBXFileReference; lastKnownFileType = folder.assetcatalog; path = "Preview Assets.xcassets"; sourceTree = "<group>"; };
		8191D79927023DC800DD04D8 /* Info.plist */ = {isa = PBXFileReference; lastKnownFileType = text.plist.xml; path = Info.plist; sourceTree = "<group>"; };
		8191D79E27023DC800DD04D8 /* ControlVehicleTests.xctest */ = {isa = PBXFileReference; explicitFileType = wrapper.cfbundle; includeInIndex = 0; path = ControlVehicleTests.xctest; sourceTree = BUILT_PRODUCTS_DIR; };
		8191D7A227023DC800DD04D8 /* ControlVehicleTests.swift */ = {isa = PBXFileReference; lastKnownFileType = sourcecode.swift; path = ControlVehicleTests.swift; sourceTree = "<group>"; };
		8191D7A427023DC800DD04D8 /* Info.plist */ = {isa = PBXFileReference; lastKnownFileType = text.plist.xml; path = Info.plist; sourceTree = "<group>"; };
		8191D7A927023DC800DD04D8 /* ControlVehicleUITests.xctest */ = {isa = PBXFileReference; explicitFileType = wrapper.cfbundle; includeInIndex = 0; path = ControlVehicleUITests.xctest; sourceTree = BUILT_PRODUCTS_DIR; };
		8191D7AD27023DC800DD04D8 /* ControlVehicleUITests.swift */ = {isa = PBXFileReference; lastKnownFileType = sourcecode.swift; path = ControlVehicleUITests.swift; sourceTree = "<group>"; };
		8191D7AF27023DC800DD04D8 /* Info.plist */ = {isa = PBXFileReference; lastKnownFileType = text.plist.xml; path = Info.plist; sourceTree = "<group>"; };
		8191D7BE27023E3900DD04D8 /* LocationView.swift */ = {isa = PBXFileReference; lastKnownFileType = sourcecode.swift; path = LocationView.swift; sourceTree = "<group>"; };
		8191D7C327023E4800DD04D8 /* HomeView.swift */ = {isa = PBXFileReference; lastKnownFileType = sourcecode.swift; path = HomeView.swift; sourceTree = "<group>"; };
		8191D7CB27023E5300DD04D8 /* VehicleView.swift */ = {isa = PBXFileReference; lastKnownFileType = sourcecode.swift; path = VehicleView.swift; sourceTree = "<group>"; };
		8191D7D027023E6500DD04D8 /* SettingsView.swift */ = {isa = PBXFileReference; lastKnownFileType = sourcecode.swift; path = SettingsView.swift; sourceTree = "<group>"; };
		8191D7E1270302EF00DD04D8 /* Vehicle.swift */ = {isa = PBXFileReference; lastKnownFileType = sourcecode.swift; path = Vehicle.swift; sourceTree = "<group>"; };
		8191D7F02703049600DD04D8 /* TopView.swift */ = {isa = PBXFileReference; lastKnownFileType = sourcecode.swift; path = TopView.swift; sourceTree = "<group>"; };
		8191D7F8270304DB00DD04D8 /* CoverView.swift */ = {isa = PBXFileReference; lastKnownFileType = sourcecode.swift; path = CoverView.swift; sourceTree = "<group>"; };
		8191D7FD2703064700DD04D8 /* UpdateNotifyView.swift */ = {isa = PBXFileReference; lastKnownFileType = sourcecode.swift; path = UpdateNotifyView.swift; sourceTree = "<group>"; };
		8191D8022703078E00DD04D8 /* DoorsView.swift */ = {isa = PBXFileReference; lastKnownFileType = sourcecode.swift; path = DoorsView.swift; sourceTree = "<group>"; };
		8191D8072703079900DD04D8 /* EngineView.swift */ = {isa = PBXFileReference; lastKnownFileType = sourcecode.swift; path = EngineView.swift; sourceTree = "<group>"; };
		8191D80C2703084500DD04D8 /* CircleImageButton.swift */ = {isa = PBXFileReference; lastKnownFileType = sourcecode.swift; path = CircleImageButton.swift; sourceTree = "<group>"; };
		8191D8142703090300DD04D8 /* CircleTextButton.swift */ = {isa = PBXFileReference; lastKnownFileType = sourcecode.swift; path = CircleTextButton.swift; sourceTree = "<group>"; };
		8191D81927030F6D00DD04D8 /* HomeViewModel.swift */ = {isa = PBXFileReference; lastKnownFileType = sourcecode.swift; path = HomeViewModel.swift; sourceTree = "<group>"; };
		8191D82E2703561D00DD04D8 /* LoadingView.swift */ = {isa = PBXFileReference; lastKnownFileType = sourcecode.swift; path = LoadingView.swift; sourceTree = "<group>"; };
/* End PBXFileReference section */

/* Begin PBXFrameworksBuildPhase section */
		8191D78A27023DC700DD04D8 /* Frameworks */ = {
			isa = PBXFrameworksBuildPhase;
			buildActionMask = 2147483647;
			files = (
			);
			runOnlyForDeploymentPostprocessing = 0;
		};
		8191D79B27023DC800DD04D8 /* Frameworks */ = {
			isa = PBXFrameworksBuildPhase;
			buildActionMask = 2147483647;
			files = (
			);
			runOnlyForDeploymentPostprocessing = 0;
		};
		8191D7A627023DC800DD04D8 /* Frameworks */ = {
			isa = PBXFrameworksBuildPhase;
			buildActionMask = 2147483647;
			files = (
			);
			runOnlyForDeploymentPostprocessing = 0;
		};
/* End PBXFrameworksBuildPhase section */

/* Begin PBXGroup section */
		8191D78427023DC700DD04D8 = {
			isa = PBXGroup;
			children = (
				8191D78F27023DC700DD04D8 /* ControlVehicle */,
				8191D7A127023DC800DD04D8 /* ControlVehicleTests */,
				8191D7AC27023DC800DD04D8 /* ControlVehicleUITests */,
				8191D78E27023DC700DD04D8 /* Products */,
			);
			sourceTree = "<group>";
		};
		8191D78E27023DC700DD04D8 /* Products */ = {
			isa = PBXGroup;
			children = (
				8191D78D27023DC700DD04D8 /* ControlVehicle.app */,
				8191D79E27023DC800DD04D8 /* ControlVehicleTests.xctest */,
				8191D7A927023DC800DD04D8 /* ControlVehicleUITests.xctest */,
			);
			name = Products;
			sourceTree = "<group>";
		};
		8191D78F27023DC700DD04D8 /* ControlVehicle */ = {
			isa = PBXGroup;
			children = (
				8191D7DF270302D800DD04D8 /* Model */,
				8191D7D827024AA300DD04D8 /* View */,
				8191D7E0270302DF00DD04D8 /* ViewModel */,
				8191D79027023DC700DD04D8 /* ControlVehicleApp.swift */,
				8191D79427023DC800DD04D8 /* Assets.xcassets */,
				8191D79927023DC800DD04D8 /* Info.plist */,
				8191D79627023DC800DD04D8 /* Preview Content */,
			);
			path = ControlVehicle;
			sourceTree = "<group>";
		};
		8191D79627023DC800DD04D8 /* Preview Content */ = {
			isa = PBXGroup;
			children = (
				8191D79727023DC800DD04D8 /* Preview Assets.xcassets */,
			);
			path = "Preview Content";
			sourceTree = "<group>";
		};
		8191D7A127023DC800DD04D8 /* ControlVehicleTests */ = {
			isa = PBXGroup;
			children = (
				8191D7A227023DC800DD04D8 /* ControlVehicleTests.swift */,
				8191D7A427023DC800DD04D8 /* Info.plist */,
			);
			path = ControlVehicleTests;
			sourceTree = "<group>";
		};
		8191D7AC27023DC800DD04D8 /* ControlVehicleUITests */ = {
			isa = PBXGroup;
			children = (
				8191D7AD27023DC800DD04D8 /* ControlVehicleUITests.swift */,
				8191D7AF27023DC800DD04D8 /* Info.plist */,
			);
			path = ControlVehicleUITests;
			sourceTree = "<group>";
		};
		8191D7D827024AA300DD04D8 /* View */ = {
			isa = PBXGroup;
			children = (
				8191D79227023DC700DD04D8 /* MainView.swift */,
				8191D7CB27023E5300DD04D8 /* VehicleView.swift */,
				8191D7BE27023E3900DD04D8 /* LocationView.swift */,
				8191D7D027023E6500DD04D8 /* SettingsView.swift */,
				8191D7EF2703047500DD04D8 /* HomeView */,
			);
			path = View;
			sourceTree = "<group>";
		};
		8191D7DF270302D800DD04D8 /* Model */ = {
			isa = PBXGroup;
			children = (
				8191D7E1270302EF00DD04D8 /* Vehicle.swift */,
			);
			path = Model;
			sourceTree = "<group>";
		};
		8191D7E0270302DF00DD04D8 /* ViewModel */ = {
			isa = PBXGroup;
			children = (
				8191D81927030F6D00DD04D8 /* HomeViewModel.swift */,
			);
			path = ViewModel;
			sourceTree = "<group>";
		};
		8191D7EF2703047500DD04D8 /* HomeView */ = {
			isa = PBXGroup;
			children = (
				8191D7C327023E4800DD04D8 /* HomeView.swift */,
				8191D7F02703049600DD04D8 /* TopView.swift */,
				8191D7F8270304DB00DD04D8 /* CoverView.swift */,
				8191D7FD2703064700DD04D8 /* UpdateNotifyView.swift */,
				8191D8022703078E00DD04D8 /* DoorsView.swift */,
				8191D8072703079900DD04D8 /* EngineView.swift */,
				8191D80C2703084500DD04D8 /* CircleImageButton.swift */,
				8191D8142703090300DD04D8 /* CircleTextButton.swift */,
				8191D82E2703561D00DD04D8 /* LoadingView.swift */,
			);
			path = HomeView;
			sourceTree = "<group>";
		};
/* End PBXGroup section */

/* Begin PBXNativeTarget section */
		8191D78C27023DC700DD04D8 /* ControlVehicle */ = {
			isa = PBXNativeTarget;
			buildConfigurationList = 8191D7B227023DC800DD04D8 /* Build configuration list for PBXNativeTarget "ControlVehicle" */;
			buildPhases = (
				8191D78927023DC700DD04D8 /* Sources */,
				8191D78A27023DC700DD04D8 /* Frameworks */,
				8191D78B27023DC700DD04D8 /* Resources */,
			);
			buildRules = (
			);
			dependencies = (
			);
			name = ControlVehicle;
			productName = ControlVehicle;
			productReference = 8191D78D27023DC700DD04D8 /* ControlVehicle.app */;
			productType = "com.apple.product-type.application";
		};
		8191D79D27023DC800DD04D8 /* ControlVehicleTests */ = {
			isa = PBXNativeTarget;
			buildConfigurationList = 8191D7B527023DC800DD04D8 /* Build configuration list for PBXNativeTarget "ControlVehicleTests" */;
			buildPhases = (
				8191D79A27023DC800DD04D8 /* Sources */,
				8191D79B27023DC800DD04D8 /* Frameworks */,
				8191D79C27023DC800DD04D8 /* Resources */,
			);
			buildRules = (
			);
			dependencies = (
				8191D7A027023DC800DD04D8 /* PBXTargetDependency */,
			);
			name = ControlVehicleTests;
			productName = ControlVehicleTests;
			productReference = 8191D79E27023DC800DD04D8 /* ControlVehicleTests.xctest */;
			productType = "com.apple.product-type.bundle.unit-test";
		};
		8191D7A827023DC800DD04D8 /* ControlVehicleUITests */ = {
			isa = PBXNativeTarget;
			buildConfigurationList = 8191D7B827023DC800DD04D8 /* Build configuration list for PBXNativeTarget "ControlVehicleUITests" */;
			buildPhases = (
				8191D7A527023DC800DD04D8 /* Sources */,
				8191D7A627023DC800DD04D8 /* Frameworks */,
				8191D7A727023DC800DD04D8 /* Resources */,
			);
			buildRules = (
			);
			dependencies = (
				8191D7AB27023DC800DD04D8 /* PBXTargetDependency */,
			);
			name = ControlVehicleUITests;
			productName = ControlVehicleUITests;
			productReference = 8191D7A927023DC800DD04D8 /* ControlVehicleUITests.xctest */;
			productType = "com.apple.product-type.bundle.ui-testing";
		};
/* End PBXNativeTarget section */

/* Begin PBXProject section */
		8191D78527023DC700DD04D8 /* Project object */ = {
			isa = PBXProject;
			attributes = {
				LastSwiftUpdateCheck = 1240;
				LastUpgradeCheck = 1240;
				TargetAttributes = {
					8191D78C27023DC700DD04D8 = {
						CreatedOnToolsVersion = 12.4;
					};
					8191D79D27023DC800DD04D8 = {
						CreatedOnToolsVersion = 12.4;
						TestTargetID = 8191D78C27023DC700DD04D8;
					};
					8191D7A827023DC800DD04D8 = {
						CreatedOnToolsVersion = 12.4;
						TestTargetID = 8191D78C27023DC700DD04D8;
					};
				};
			};
			buildConfigurationList = 8191D78827023DC700DD04D8 /* Build configuration list for PBXProject "ControlVehicle" */;
			compatibilityVersion = "Xcode 9.3";
			developmentRegion = en;
			hasScannedForEncodings = 0;
			knownRegions = (
				en,
				Base,
			);
			mainGroup = 8191D78427023DC700DD04D8;
			productRefGroup = 8191D78E27023DC700DD04D8 /* Products */;
			projectDirPath = "";
			projectRoot = "";
			targets = (
				8191D78C27023DC700DD04D8 /* ControlVehicle */,
				8191D79D27023DC800DD04D8 /* ControlVehicleTests */,
				8191D7A827023DC800DD04D8 /* ControlVehicleUITests */,
			);
		};
/* End PBXProject section */

/* Begin PBXResourcesBuildPhase section */
		8191D78B27023DC700DD04D8 /* Resources */ = {
			isa = PBXResourcesBuildPhase;
			buildActionMask = 2147483647;
			files = (
				8191D79827023DC800DD04D8 /* Preview Assets.xcassets in Resources */,
				8191D79527023DC800DD04D8 /* Assets.xcassets in Resources */,
			);
			runOnlyForDeploymentPostprocessing = 0;
		};
		8191D79C27023DC800DD04D8 /* Resources */ = {
			isa = PBXResourcesBuildPhase;
			buildActionMask = 2147483647;
			files = (
			);
			runOnlyForDeploymentPostprocessing = 0;
		};
		8191D7A727023DC800DD04D8 /* Resources */ = {
			isa = PBXResourcesBuildPhase;
			buildActionMask = 2147483647;
			files = (
			);
			runOnlyForDeploymentPostprocessing = 0;
		};
/* End PBXResourcesBuildPhase section */

/* Begin PBXSourcesBuildPhase section */
		8191D78927023DC700DD04D8 /* Sources */ = {
			isa = PBXSourcesBuildPhase;
			buildActionMask = 2147483647;
			files = (
				8191D79327023DC700DD04D8 /* MainView.swift in Sources */,
				8191D7C427023E4800DD04D8 /* HomeView.swift in Sources */,
				8191D8152703090300DD04D8 /* CircleTextButton.swift in Sources */,
				8191D7F9270304DB00DD04D8 /* CoverView.swift in Sources */,
				8191D7E2270302EF00DD04D8 /* Vehicle.swift in Sources */,
				8191D82F2703561D00DD04D8 /* LoadingView.swift in Sources */,
				8191D7BF27023E3900DD04D8 /* LocationView.swift in Sources */,
				8191D80D2703084500DD04D8 /* CircleImageButton.swift in Sources */,
				8191D8032703078E00DD04D8 /* DoorsView.swift in Sources */,
				8191D7D127023E6500DD04D8 /* SettingsView.swift in Sources */,
				8191D7CC27023E5300DD04D8 /* VehicleView.swift in Sources */,
				8191D8082703079900DD04D8 /* EngineView.swift in Sources */,
				8191D7F12703049600DD04D8 /* TopView.swift in Sources */,
				8191D7FE2703064700DD04D8 /* UpdateNotifyView.swift in Sources */,
				8191D81A27030F6D00DD04D8 /* HomeViewModel.swift in Sources */,
				8191D79127023DC700DD04D8 /* ControlVehicleApp.swift in Sources */,
			);
			runOnlyForDeploymentPostprocessing = 0;
		};
		8191D79A27023DC800DD04D8 /* Sources */ = {
			isa = PBXSourcesBuildPhase;
			buildActionMask = 2147483647;
			files = (
				8191D7A327023DC800DD04D8 /* ControlVehicleTests.swift in Sources */,
			);
			runOnlyForDeploymentPostprocessing = 0;
		};
		8191D7A527023DC800DD04D8 /* Sources */ = {
			isa = PBXSourcesBuildPhase;
			buildActionMask = 2147483647;
			files = (
				8191D7AE27023DC800DD04D8 /* ControlVehicleUITests.swift in Sources */,
			);
			runOnlyForDeploymentPostprocessing = 0;
		};
/* End PBXSourcesBuildPhase section */

/* Begin PBXTargetDependency section */
		8191D7A027023DC800DD04D8 /* PBXTargetDependency */ = {
			isa = PBXTargetDependency;
			target = 8191D78C27023DC700DD04D8 /* ControlVehicle */;
			targetProxy = 8191D79F27023DC800DD04D8 /* PBXContainerItemProxy */;
		};
		8191D7AB27023DC800DD04D8 /* PBXTargetDependency */ = {
			isa = PBXTargetDependency;
			target = 8191D78C27023DC700DD04D8 /* ControlVehicle */;
			targetProxy = 8191D7AA27023DC800DD04D8 /* PBXContainerItemProxy */;
		};
/* End PBXTargetDependency section */

/* Begin XCBuildConfiguration section */
		8191D7B027023DC800DD04D8 /* Debug */ = {
			isa = XCBuildConfiguration;
			buildSettings = {
				ALWAYS_SEARCH_USER_PATHS = NO;
				CLANG_ANALYZER_NONNULL = YES;
				CLANG_ANALYZER_NUMBER_OBJECT_CONVERSION = YES_AGGRESSIVE;
				CLANG_CXX_LANGUAGE_STANDARD = "gnu++14";
				CLANG_CXX_LIBRARY = "libc++";
				CLANG_ENABLE_MODULES = YES;
				CLANG_ENABLE_OBJC_ARC = YES;
				CLANG_ENABLE_OBJC_WEAK = YES;
				CLANG_WARN_BLOCK_CAPTURE_AUTORELEASING = YES;
				CLANG_WARN_BOOL_CONVERSION = YES;
				CLANG_WARN_COMMA = YES;
				CLANG_WARN_CONSTANT_CONVERSION = YES;
				CLANG_WARN_DEPRECATED_OBJC_IMPLEMENTATIONS = YES;
				CLANG_WARN_DIRECT_OBJC_ISA_USAGE = YES_ERROR;
				CLANG_WARN_DOCUMENTATION_COMMENTS = YES;
				CLANG_WARN_EMPTY_BODY = YES;
				CLANG_WARN_ENUM_CONVERSION = YES;
				CLANG_WARN_INFINITE_RECURSION = YES;
				CLANG_WARN_INT_CONVERSION = YES;
				CLANG_WARN_NON_LITERAL_NULL_CONVERSION = YES;
				CLANG_WARN_OBJC_IMPLICIT_RETAIN_SELF = YES;
				CLANG_WARN_OBJC_LITERAL_CONVERSION = YES;
				CLANG_WARN_OBJC_ROOT_CLASS = YES_ERROR;
				CLANG_WARN_QUOTED_INCLUDE_IN_FRAMEWORK_HEADER = YES;
				CLANG_WARN_RANGE_LOOP_ANALYSIS = YES;
				CLANG_WARN_STRICT_PROTOTYPES = YES;
				CLANG_WARN_SUSPICIOUS_MOVE = YES;
				CLANG_WARN_UNGUARDED_AVAILABILITY = YES_AGGRESSIVE;
				CLANG_WARN_UNREACHABLE_CODE = YES;
				CLANG_WARN__DUPLICATE_METHOD_MATCH = YES;
				COPY_PHASE_STRIP = NO;
				DEBUG_INFORMATION_FORMAT = dwarf;
				ENABLE_STRICT_OBJC_MSGSEND = YES;
				ENABLE_TESTABILITY = YES;
				GCC_C_LANGUAGE_STANDARD = gnu11;
				GCC_DYNAMIC_NO_PIC = NO;
				GCC_NO_COMMON_BLOCKS = YES;
				GCC_OPTIMIZATION_LEVEL = 0;
				GCC_PREPROCESSOR_DEFINITIONS = (
					"DEBUG=1",
					"$(inherited)",
				);
				GCC_WARN_64_TO_32_BIT_CONVERSION = YES;
				GCC_WARN_ABOUT_RETURN_TYPE = YES_ERROR;
				GCC_WARN_UNDECLARED_SELECTOR = YES;
				GCC_WARN_UNINITIALIZED_AUTOS = YES_AGGRESSIVE;
				GCC_WARN_UNUSED_FUNCTION = YES;
				GCC_WARN_UNUSED_VARIABLE = YES;
				IPHONEOS_DEPLOYMENT_TARGET = 14.4;
				MTL_ENABLE_DEBUG_INFO = INCLUDE_SOURCE;
				MTL_FAST_MATH = YES;
				ONLY_ACTIVE_ARCH = YES;
				SDKROOT = iphoneos;
				SWIFT_ACTIVE_COMPILATION_CONDITIONS = DEBUG;
				SWIFT_OPTIMIZATION_LEVEL = "-Onone";
			};
			name = Debug;
		};
		8191D7B127023DC800DD04D8 /* Release */ = {
			isa = XCBuildConfiguration;
			buildSettings = {
				ALWAYS_SEARCH_USER_PATHS = NO;
				CLANG_ANALYZER_NONNULL = YES;
				CLANG_ANALYZER_NUMBER_OBJECT_CONVERSION = YES_AGGRESSIVE;
				CLANG_CXX_LANGUAGE_STANDARD = "gnu++14";
				CLANG_CXX_LIBRARY = "libc++";
				CLANG_ENABLE_MODULES = YES;
				CLANG_ENABLE_OBJC_ARC = YES;
				CLANG_ENABLE_OBJC_WEAK = YES;
				CLANG_WARN_BLOCK_CAPTURE_AUTORELEASING = YES;
				CLANG_WARN_BOOL_CONVERSION = YES;
				CLANG_WARN_COMMA = YES;
				CLANG_WARN_CONSTANT_CONVERSION = YES;
				CLANG_WARN_DEPRECATED_OBJC_IMPLEMENTATIONS = YES;
				CLANG_WARN_DIRECT_OBJC_ISA_USAGE = YES_ERROR;
				CLANG_WARN_DOCUMENTATION_COMMENTS = YES;
				CLANG_WARN_EMPTY_BODY = YES;
				CLANG_WARN_ENUM_CONVERSION = YES;
				CLANG_WARN_INFINITE_RECURSION = YES;
				CLANG_WARN_INT_CONVERSION = YES;
				CLANG_WARN_NON_LITERAL_NULL_CONVERSION = YES;
				CLANG_WARN_OBJC_IMPLICIT_RETAIN_SELF = YES;
				CLANG_WARN_OBJC_LITERAL_CONVERSION = YES;
				CLANG_WARN_OBJC_ROOT_CLASS = YES_ERROR;
				CLANG_WARN_QUOTED_INCLUDE_IN_FRAMEWORK_HEADER = YES;
				CLANG_WARN_RANGE_LOOP_ANALYSIS = YES;
				CLANG_WARN_STRICT_PROTOTYPES = YES;
				CLANG_WARN_SUSPICIOUS_MOVE = YES;
				CLANG_WARN_UNGUARDED_AVAILABILITY = YES_AGGRESSIVE;
				CLANG_WARN_UNREACHABLE_CODE = YES;
				CLANG_WARN__DUPLICATE_METHOD_MATCH = YES;
				COPY_PHASE_STRIP = NO;
				DEBUG_INFORMATION_FORMAT = "dwarf-with-dsym";
				ENABLE_NS_ASSERTIONS = NO;
				ENABLE_STRICT_OBJC_MSGSEND = YES;
				GCC_C_LANGUAGE_STANDARD = gnu11;
				GCC_NO_COMMON_BLOCKS = YES;
				GCC_WARN_64_TO_32_BIT_CONVERSION = YES;
				GCC_WARN_ABOUT_RETURN_TYPE = YES_ERROR;
				GCC_WARN_UNDECLARED_SELECTOR = YES;
				GCC_WARN_UNINITIALIZED_AUTOS = YES_AGGRESSIVE;
				GCC_WARN_UNUSED_FUNCTION = YES;
				GCC_WARN_UNUSED_VARIABLE = YES;
				IPHONEOS_DEPLOYMENT_TARGET = 14.4;
				MTL_ENABLE_DEBUG_INFO = NO;
				MTL_FAST_MATH = YES;
				SDKROOT = iphoneos;
				SWIFT_COMPILATION_MODE = wholemodule;
				SWIFT_OPTIMIZATION_LEVEL = "-O";
				VALIDATE_PRODUCT = YES;
			};
			name = Release;
		};
		8191D7B327023DC800DD04D8 /* Debug */ = {
			isa = XCBuildConfiguration;
			buildSettings = {
				ASSETCATALOG_COMPILER_APPICON_NAME = AppIcon;
				ASSETCATALOG_COMPILER_GLOBAL_ACCENT_COLOR_NAME = AccentColor;
				CODE_SIGN_STYLE = Automatic;
				DEVELOPMENT_ASSET_PATHS = "\"ControlVehicle/Preview Content\"";
				DEVELOPMENT_TEAM = 39S9SZ4QGV;
				ENABLE_PREVIEWS = YES;
				INFOPLIST_FILE = ControlVehicle/Info.plist;
				IPHONEOS_DEPLOYMENT_TARGET = 14.0;
				LD_RUNPATH_SEARCH_PATHS = (
					"$(inherited)",
					"@executable_path/Frameworks",
				);
				PRODUCT_BUNDLE_IDENTIFIER = khechoyan.ani.ControlVehicle;
				PRODUCT_NAME = "$(TARGET_NAME)";
				SWIFT_VERSION = 5.0;
				TARGETED_DEVICE_FAMILY = "1,2";
			};
			name = Debug;
		};
		8191D7B427023DC800DD04D8 /* Release */ = {
			isa = XCBuildConfiguration;
			buildSettings = {
				ASSETCATALOG_COMPILER_APPICON_NAME = AppIcon;
				ASSETCATALOG_COMPILER_GLOBAL_ACCENT_COLOR_NAME = AccentColor;
				CODE_SIGN_STYLE = Automatic;
				DEVELOPMENT_ASSET_PATHS = "\"ControlVehicle/Preview Content\"";
				DEVELOPMENT_TEAM = 39S9SZ4QGV;
				ENABLE_PREVIEWS = YES;
				INFOPLIST_FILE = ControlVehicle/Info.plist;
				IPHONEOS_DEPLOYMENT_TARGET = 14.0;
				LD_RUNPATH_SEARCH_PATHS = (
					"$(inherited)",
					"@executable_path/Frameworks",
				);
				PRODUCT_BUNDLE_IDENTIFIER = khechoyan.ani.ControlVehicle;
				PRODUCT_NAME = "$(TARGET_NAME)";
				SWIFT_VERSION = 5.0;
				TARGETED_DEVICE_FAMILY = "1,2";
			};
			name = Release;
		};
		8191D7B627023DC800DD04D8 /* Debug */ = {
			isa = XCBuildConfiguration;
			buildSettings = {
				ALWAYS_EMBED_SWIFT_STANDARD_LIBRARIES = YES;
				BUNDLE_LOADER = "$(TEST_HOST)";
				CODE_SIGN_STYLE = Automatic;
				DEVELOPMENT_TEAM = 39S9SZ4QGV;
				INFOPLIST_FILE = ControlVehicleTests/Info.plist;
				IPHONEOS_DEPLOYMENT_TARGET = 14.0;
				LD_RUNPATH_SEARCH_PATHS = (
					"$(inherited)",
					"@executable_path/Frameworks",
					"@loader_path/Frameworks",
				);
				PRODUCT_BUNDLE_IDENTIFIER = khechoyan.ani.ControlVehicleTests;
				PRODUCT_NAME = "$(TARGET_NAME)";
				SWIFT_VERSION = 5.0;
				TARGETED_DEVICE_FAMILY = "1,2";
				TEST_HOST = "$(BUILT_PRODUCTS_DIR)/ControlVehicle.app/ControlVehicle";
			};
			name = Debug;
		};
		8191D7B727023DC800DD04D8 /* Release */ = {
			isa = XCBuildConfiguration;
			buildSettings = {
				ALWAYS_EMBED_SWIFT_STANDARD_LIBRARIES = YES;
				BUNDLE_LOADER = "$(TEST_HOST)";
				CODE_SIGN_STYLE = Automatic;
				DEVELOPMENT_TEAM = 39S9SZ4QGV;
				INFOPLIST_FILE = ControlVehicleTests/Info.plist;
				IPHONEOS_DEPLOYMENT_TARGET = 14.0;
				LD_RUNPATH_SEARCH_PATHS = (
					"$(inherited)",
					"@executable_path/Frameworks",
					"@loader_path/Frameworks",
				);
				PRODUCT_BUNDLE_IDENTIFIER = khechoyan.ani.ControlVehicleTests;
				PRODUCT_NAME = "$(TARGET_NAME)";
				SWIFT_VERSION = 5.0;
				TARGETED_DEVICE_FAMILY = "1,2";
				TEST_HOST = "$(BUILT_PRODUCTS_DIR)/ControlVehicle.app/ControlVehicle";
			};
			name = Release;
		};
		8191D7B927023DC800DD04D8 /* Debug */ = {
			isa = XCBuildConfiguration;
			buildSettings = {
				ALWAYS_EMBED_SWIFT_STANDARD_LIBRARIES = YES;
				CODE_SIGN_STYLE = Automatic;
				DEVELOPMENT_TEAM = 39S9SZ4QGV;
				INFOPLIST_FILE = ControlVehicleUITests/Info.plist;
				LD_RUNPATH_SEARCH_PATHS = (
					"$(inherited)",
					"@executable_path/Frameworks",
					"@loader_path/Frameworks",
				);
				PRODUCT_BUNDLE_IDENTIFIER = khechoyan.ani.ControlVehicleUITests;
				PRODUCT_NAME = "$(TARGET_NAME)";
				SWIFT_VERSION = 5.0;
				TARGETED_DEVICE_FAMILY = "1,2";
				TEST_TARGET_NAME = ControlVehicle;
			};
			name = Debug;
		};
		8191D7BA27023DC800DD04D8 /* Release */ = {
			isa = XCBuildConfiguration;
			buildSettings = {
				ALWAYS_EMBED_SWIFT_STANDARD_LIBRARIES = YES;
				CODE_SIGN_STYLE = Automatic;
				DEVELOPMENT_TEAM = 39S9SZ4QGV;
				INFOPLIST_FILE = ControlVehicleUITests/Info.plist;
				LD_RUNPATH_SEARCH_PATHS = (
					"$(inherited)",
					"@executable_path/Frameworks",
					"@loader_path/Frameworks",
				);
				PRODUCT_BUNDLE_IDENTIFIER = khechoyan.ani.ControlVehicleUITests;
				PRODUCT_NAME = "$(TARGET_NAME)";
				SWIFT_VERSION = 5.0;
				TARGETED_DEVICE_FAMILY = "1,2";
				TEST_TARGET_NAME = ControlVehicle;
			};
			name = Release;
		};
/* End XCBuildConfiguration section */

/* Begin XCConfigurationList section */
		8191D78827023DC700DD04D8 /* Build configuration list for PBXProject "ControlVehicle" */ = {
			isa = XCConfigurationList;
			buildConfigurations = (
				8191D7B027023DC800DD04D8 /* Debug */,
				8191D7B127023DC800DD04D8 /* Release */,
			);
			defaultConfigurationIsVisible = 0;
			defaultConfigurationName = Release;
		};
		8191D7B227023DC800DD04D8 /* Build configuration list for PBXNativeTarget "ControlVehicle" */ = {
			isa = XCConfigurationList;
			buildConfigurations = (
				8191D7B327023DC800DD04D8 /* Debug */,
				8191D7B427023DC800DD04D8 /* Release */,
			);
			defaultConfigurationIsVisible = 0;
			defaultConfigurationName = Release;
		};
		8191D7B527023DC800DD04D8 /* Build configuration list for PBXNativeTarget "ControlVehicleTests" */ = {
			isa = XCConfigurationList;
			buildConfigurations = (
				8191D7B627023DC800DD04D8 /* Debug */,
				8191D7B727023DC800DD04D8 /* Release */,
			);
			defaultConfigurationIsVisible = 0;
			defaultConfigurationName = Release;
		};
		8191D7B827023DC800DD04D8 /* Build configuration list for PBXNativeTarget "ControlVehicleUITests" */ = {
			isa = XCConfigurationList;
			buildConfigurations = (
				8191D7B927023DC800DD04D8 /* Debug */,
				8191D7BA27023DC800DD04D8 /* Release */,
			);
			defaultConfigurationIsVisible = 0;
			defaultConfigurationName = Release;
		};
/* End XCConfigurationList section */
	};
	rootObject = 8191D78527023DC700DD04D8 /* Project object */;
}
